
Microsoft Visual Studio Solution File, Format Version 12.00
# Visual Studio Version 17
VisualStudioVersion = 17.5.002.0
MinimumVisualStudioVersion = 10.0.40219.1
Project("{2150E333-8FDC-42A3-9474-1A3956D46DE8}") = "csharp-prep", "csharp-prep", "{C23E60BC-E370-400F-869E-05C41245C9DE}"
EndProject
Project("{9A19103F-16F7-4668-BE54-9A1E7A4F7556}") = "Prep1", "csharp-prep\Prep1\Prep1.csproj", "{894262CC-FEFD-4874-9AF6-DA70B51F7351}"
EndProject
Project("{9A19103F-16F7-4668-BE54-9A1E7A4F7556}") = "Prep2", "csharp-prep\Prep2\Prep2.csproj", "{96ABFD72-4296-4637-8A59-D671512CBB2B}"
EndProject
Project("{9A19103F-16F7-4668-BE54-9A1E7A4F7556}") = "Prep3", "csharp-prep\Prep3\Prep3.csproj", "{1C911BB1-91A0-4D91-939E-556B75316A8F}"
EndProject
Project("{9A19103F-16F7-4668-BE54-9A1E7A4F7556}") = "Prep4", "csharp-prep\Prep4\Prep4.csproj", "{2A837C25-730C-41A9-8889-63E112F70C1C}"
EndProject
Project("{9A19103F-16F7-4668-BE54-9A1E7A4F7556}") = "Prep5", "csharp-prep\Prep5\Prep5.csproj", "{ED41D56E-903A-4F4D-AE0E-551FA97B65AB}"
EndProject
Project("{2150E333-8FDC-42A3-9474-1A3956D46DE8}") = "final", "final", "{D7E954F8-8A1B-4CCC-9AEE-B5DFCAE23606}"
EndProject
Project("{9A19103F-16F7-4668-BE54-9A1E7A4F7556}") = "FinalProject", "final\FinalProject\FinalProject.csproj", "{34945557-23E4-4759-83C3-D8874D2C0B20}"
EndProject
Project("{9A19103F-16F7-4668-BE54-9A1E7A4F7556}") = "Foundation1", "final\Foundation1\Foundation1.csproj", "{4DB5BAEE-3F34-4BA7-93EF-05E34AB91E3A}"
EndProject
Project("{9A19103F-16F7-4668-BE54-9A1E7A4F7556}") = "Foundation2", "final\Foundation2\Foundation2.csproj", "{54B78CD2-F060-41BF-8C74-89789417F23C}"
EndProject
Project("{9A19103F-16F7-4668-BE54-9A1E7A4F7556}") = "Foundation3", "final\Foundation3\Foundation3.csproj", "{230B01B4-0A1D-4D78-AE56-214E4FA2C582}"
EndProject
Project("{9A19103F-16F7-4668-BE54-9A1E7A4F7556}") = "Foundation4", "final\Foundation4\Foundation4.csproj", "{7DAF2DE6-D8B0-44C1-A607-C3EEE4C56ACB}"
EndProject
Project("{2150E333-8FDC-42A3-9474-1A3956D46DE8}") = "prepare", "prepare", "{C97DB1A7-57D2-4130-A86D-7DD3BC0EA32D}"
EndProject
Project("{9A19103F-16F7-4668-BE54-9A1E7A4F7556}") = "Learning02", "prepare\Learning02\Learning02.csproj", "{62308522-FDF0-4146-882A-C6A6074695B6}"
EndProject
Project("{9A19103F-16F7-4668-BE54-9A1E7A4F7556}") = "Learning03", "prepare\Learning03\Learning03.csproj", "{E57D1CC9-8145-4DEA-8F6F-B29574EAE382}"
EndProject
Project("{9A19103F-16F7-4668-BE54-9A1E7A4F7556}") = "Learning04", "prepare\Learning04\Learning04.csproj", "{4F2FA577-E3AF-4EB5-B6B8-D469F299EA15}"
EndProject
Project("{9A19103F-16F7-4668-BE54-9A1E7A4F7556}") = "Learning05", "prepare\Learning05\Learning05.csproj", "{00BD311E-AAF2-43C1-961D-097725D2B591}"
EndProject
Project("{2150E333-8FDC-42A3-9474-1A3956D46DE8}") = "prove", "prove", "{81B980BB-4E42-4D01-B3AF-F4C5E9429ABF}"
EndProject
Project("{9A19103F-16F7-4668-BE54-9A1E7A4F7556}") = "Develop02", "prove\Develop02\Develop02.csproj", "{7C1D3C79-6478-4B53-917B-8BBC49F4AD19}"
EndProject
Project("{9A19103F-16F7-4668-BE54-9A1E7A4F7556}") = "Develop03", "prove\Develop03\Develop03.csproj", "{6C890CB2-200F-4146-A65B-E3691FD2B5EA}"
EndProject
Project("{9A19103F-16F7-4668-BE54-9A1E7A4F7556}") = "Develop04", "prove\Develop04\Develop04.csproj", "{96F62BD4-07EF-435B-9644-F85FA4F5C7C9}"
EndProject
Project("{9A19103F-16F7-4668-BE54-9A1E7A4F7556}") = "Develop05", "prove\Develop05\Develop05.csproj", "{3CBB72D8-93BE-436B-9BE2-89FB1F8DC547}"
EndProject
Project("{2150E333-8FDC-42A3-9474-1A3956D46DE8}") = "sandbox", "sandbox", "{0B3E4ABE-70FE-439C-B5F0-0E79B19AEF2D}"
EndProject
Project("{9A19103F-16F7-4668-BE54-9A1E7A4F7556}") = "Sandbox", "sandbox\Sandbox\Sandbox.csproj", "{5E40AE58-10C8-4225-8273-F64CA78FC4EF}"
EndProject
Global
	GlobalSection(SolutionConfigurationPlatforms) = preSolution
		Debug|Any CPU = Debug|Any CPU
		Release|Any CPU = Release|Any CPU
	EndGlobalSection
	GlobalSection(ProjectConfigurationPlatforms) = postSolution
		{894262CC-FEFD-4874-9AF6-DA70B51F7351}.Debug|Any CPU.ActiveCfg = Debug|Any CPU
		{894262CC-FEFD-4874-9AF6-DA70B51F7351}.Debug|Any CPU.Build.0 = Debug|Any CPU
		{894262CC-FEFD-4874-9AF6-DA70B51F7351}.Release|Any CPU.ActiveCfg = Release|Any CPU
		{894262CC-FEFD-4874-9AF6-DA70B51F7351}.Release|Any CPU.Build.0 = Release|Any CPU
		{96ABFD72-4296-4637-8A59-D671512CBB2B}.Debug|Any CPU.ActiveCfg = Debug|Any CPU
		{96ABFD72-4296-4637-8A59-D671512CBB2B}.Debug|Any CPU.Build.0 = Debug|Any CPU
		{96ABFD72-4296-4637-8A59-D671512CBB2B}.Release|Any CPU.ActiveCfg = Release|Any CPU
		{96ABFD72-4296-4637-8A59-D671512CBB2B}.Release|Any CPU.Build.0 = Release|Any CPU
		{1C911BB1-91A0-4D91-939E-556B75316A8F}.Debug|Any CPU.ActiveCfg = Debug|Any CPU
		{1C911BB1-91A0-4D91-939E-556B75316A8F}.Debug|Any CPU.Build.0 = Debug|Any CPU
		{1C911BB1-91A0-4D91-939E-556B75316A8F}.Release|Any CPU.ActiveCfg = Release|Any CPU
		{1C911BB1-91A0-4D91-939E-556B75316A8F}.Release|Any CPU.Build.0 = Release|Any CPU
		{2A837C25-730C-41A9-8889-63E112F70C1C}.Debug|Any CPU.ActiveCfg = Debug|Any CPU
		{2A837C25-730C-41A9-8889-63E112F70C1C}.Debug|Any CPU.Build.0 = Debug|Any CPU
		{2A837C25-730C-41A9-8889-63E112F70C1C}.Release|Any CPU.ActiveCfg = Release|Any CPU
		{2A837C25-730C-41A9-8889-63E112F70C1C}.Release|Any CPU.Build.0 = Release|Any CPU
		{ED41D56E-903A-4F4D-AE0E-551FA97B65AB}.Debug|Any CPU.ActiveCfg = Debug|Any CPU
		{ED41D56E-903A-4F4D-AE0E-551FA97B65AB}.Debug|Any CPU.Build.0 = Debug|Any CPU
		{ED41D56E-903A-4F4D-AE0E-551FA97B65AB}.Release|Any CPU.ActiveCfg = Release|Any CPU
		{ED41D56E-903A-4F4D-AE0E-551FA97B65AB}.Release|Any CPU.Build.0 = Release|Any CPU
		{34945557-23E4-4759-83C3-D8874D2C0B20}.Debug|Any CPU.ActiveCfg = Debug|Any CPU
		{34945557-23E4-4759-83C3-D8874D2C0B20}.Debug|Any CPU.Build.0 = Debug|Any CPU
		{34945557-23E4-4759-83C3-D8874D2C0B20}.Release|Any CPU.ActiveCfg = Release|Any CPU
		{34945557-23E4-4759-83C3-D8874D2C0B20}.Release|Any CPU.Build.0 = Release|Any CPU
		{4DB5BAEE-3F34-4BA7-93EF-05E34AB91E3A}.Debug|Any CPU.ActiveCfg = Debug|Any CPU
		{4DB5BAEE-3F34-4BA7-93EF-05E34AB91E3A}.Debug|Any CPU.Build.0 = Debug|Any CPU
		{4DB5BAEE-3F34-4BA7-93EF-05E34AB91E3A}.Release|Any CPU.ActiveCfg = Release|Any CPU
		{4DB5BAEE-3F34-4BA7-93EF-05E34AB91E3A}.Release|Any CPU.Build.0 = Release|Any CPU
		{54B78CD2-F060-41BF-8C74-89789417F23C}.Debug|Any CPU.ActiveCfg = Debug|Any CPU
		{54B78CD2-F060-41BF-8C74-89789417F23C}.Debug|Any CPU.Build.0 = Debug|Any CPU
		{54B78CD2-F060-41BF-8C74-89789417F23C}.Release|Any CPU.ActiveCfg = Release|Any CPU
		{54B78CD2-F060-41BF-8C74-89789417F23C}.Release|Any CPU.Build.0 = Release|Any CPU
		{230B01B4-0A1D-4D78-AE56-214E4FA2C582}.Debug|Any CPU.ActiveCfg = Debug|Any CPU
		{230B01B4-0A1D-4D78-AE56-214E4FA2C582}.Debug|Any CPU.Build.0 = Debug|Any CPU
		{230B01B4-0A1D-4D78-AE56-214E4FA2C582}.Release|Any CPU.ActiveCfg = Release|Any CPU
		{230B01B4-0A1D-4D78-AE56-214E4FA2C582}.Release|Any CPU.Build.0 = Release|Any CPU
		{7DAF2DE6-D8B0-44C1-A607-C3EEE4C56ACB}.Debug|Any CPU.ActiveCfg = Debug|Any CPU
		{7DAF2DE6-D8B0-44C1-A607-C3EEE4C56ACB}.Debug|Any CPU.Build.0 = Debug|Any CPU
		{7DAF2DE6-D8B0-44C1-A607-C3EEE4C56ACB}.Release|Any CPU.ActiveCfg = Release|Any CPU
		{7DAF2DE6-D8B0-44C1-A607-C3EEE4C56ACB}.Release|Any CPU.Build.0 = Release|Any CPU
		{62308522-FDF0-4146-882A-C6A6074695B6}.Debug|Any CPU.ActiveCfg = Debug|Any CPU
		{62308522-FDF0-4146-882A-C6A6074695B6}.Debug|Any CPU.Build.0 = Debug|Any CPU
		{62308522-FDF0-4146-882A-C6A6074695B6}.Release|Any CPU.ActiveCfg = Release|Any CPU
		{62308522-FDF0-4146-882A-C6A6074695B6}.Release|Any CPU.Build.0 = Release|Any CPU
		{E57D1CC9-8145-4DEA-8F6F-B29574EAE382}.Debug|Any CPU.ActiveCfg = Debug|Any CPU
		{E57D1CC9-8145-4DEA-8F6F-B29574EAE382}.Debug|Any CPU.Build.0 = Debug|Any CPU
		{E57D1CC9-8145-4DEA-8F6F-B29574EAE382}.Release|Any CPU.ActiveCfg = Release|Any CPU
		{E57D1CC9-8145-4DEA-8F6F-B29574EAE382}.Release|Any CPU.Build.0 = Release|Any CPU
		{4F2FA577-E3AF-4EB5-B6B8-D469F299EA15}.Debug|Any CPU.ActiveCfg = Debug|Any CPU
		{4F2FA577-E3AF-4EB5-B6B8-D469F299EA15}.Debug|Any CPU.Build.0 = Debug|Any CPU
		{4F2FA577-E3AF-4EB5-B6B8-D469F299EA15}.Release|Any CPU.ActiveCfg = Release|Any CPU
		{4F2FA577-E3AF-4EB5-B6B8-D469F299EA15}.Release|Any CPU.Build.0 = Release|Any CPU
		{00BD311E-AAF2-43C1-961D-097725D2B591}.Debug|Any CPU.ActiveCfg = Debug|Any CPU
		{00BD311E-AAF2-43C1-961D-097725D2B591}.Debug|Any CPU.Build.0 = Debug|Any CPU
		{00BD311E-AAF2-43C1-961D-097725D2B591}.Release|Any CPU.ActiveCfg = Release|Any CPU
		{00BD311E-AAF2-43C1-961D-097725D2B591}.Release|Any CPU.Build.0 = Release|Any CPU
		{7C1D3C79-6478-4B53-917B-8BBC49F4AD19}.Debug|Any CPU.ActiveCfg = Debug|Any CPU
		{7C1D3C79-6478-4B53-917B-8BBC49F4AD19}.Debug|Any CPU.Build.0 = Debug|Any CPU
		{7C1D3C79-6478-4B53-917B-8BBC49F4AD19}.Release|Any CPU.ActiveCfg = Release|Any CPU
		{7C1D3C79-6478-4B53-917B-8BBC49F4AD19}.Release|Any CPU.Build.0 = Release|Any CPU
		{6C890CB2-200F-4146-A65B-E3691FD2B5EA}.Debug|Any CPU.ActiveCfg = Debug|Any CPU
		{6C890CB2-200F-4146-A65B-E3691FD2B5EA}.Debug|Any CPU.Build.0 = Debug|Any CPU
		{6C890CB2-200F-4146-A65B-E3691FD2B5EA}.Release|Any CPU.ActiveCfg = Release|Any CPU
		{6C890CB2-200F-4146-A65B-E3691FD2B5EA}.Release|Any CPU.Build.0 = Release|Any CPU
		{96F62BD4-07EF-435B-9644-F85FA4F5C7C9}.Debug|Any CPU.ActiveCfg = Debug|Any CPU
		{96F62BD4-07EF-435B-9644-F85FA4F5C7C9}.Debug|Any CPU.Build.0 = Debug|Any CPU
		{96F62BD4-07EF-435B-9644-F85FA4F5C7C9}.Release|Any CPU.ActiveCfg = Release|Any CPU
		{96F62BD4-07EF-435B-9644-F85FA4F5C7C9}.Release|Any CPU.Build.0 = Release|Any CPU
		{3CBB72D8-93BE-436B-9BE2-89FB1F8DC547}.Debug|Any CPU.ActiveCfg = Debug|Any CPU
		{3CBB72D8-93BE-436B-9BE2-89FB1F8DC547}.Debug|Any CPU.Build.0 = Debug|Any CPU
		{3CBB72D8-93BE-436B-9BE2-89FB1F8DC547}.Release|Any CPU.ActiveCfg = Release|Any CPU
		{3CBB72D8-93BE-436B-9BE2-89FB1F8DC547}.Release|Any CPU.Build.0 = Release|Any CPU
		{5E40AE58-10C8-4225-8273-F64CA78FC4EF}.Debug|Any CPU.ActiveCfg = Debug|Any CPU
		{5E40AE58-10C8-4225-8273-F64CA78FC4EF}.Debug|Any CPU.Build.0 = Debug|Any CPU
		{5E40AE58-10C8-4225-8273-F64CA78FC4EF}.Release|Any CPU.ActiveCfg = Release|Any CPU
		{5E40AE58-10C8-4225-8273-F64CA78FC4EF}.Release|Any CPU.Build.0 = Release|Any CPU
	EndGlobalSection
	GlobalSection(SolutionProperties) = preSolution
		HideSolutionNode = FALSE
	EndGlobalSection
	GlobalSection(NestedProjects) = preSolution
		{894262CC-FEFD-4874-9AF6-DA70B51F7351} = {C23E60BC-E370-400F-869E-05C41245C9DE}
		{96ABFD72-4296-4637-8A59-D671512CBB2B} = {C23E60BC-E370-400F-869E-05C41245C9DE}
		{1C911BB1-91A0-4D91-939E-556B75316A8F} = {C23E60BC-E370-400F-869E-05C41245C9DE}
		{2A837C25-730C-41A9-8889-63E112F70C1C} = {C23E60BC-E370-400F-869E-05C41245C9DE}
		{ED41D56E-903A-4F4D-AE0E-551FA97B65AB} = {C23E60BC-E370-400F-869E-05C41245C9DE}
		{34945557-23E4-4759-83C3-D8874D2C0B20} = {D7E954F8-8A1B-4CCC-9AEE-B5DFCAE23606}
		{4DB5BAEE-3F34-4BA7-93EF-05E34AB91E3A} = {D7E954F8-8A1B-4CCC-9AEE-B5DFCAE23606}
		{54B78CD2-F060-41BF-8C74-89789417F23C} = {D7E954F8-8A1B-4CCC-9AEE-B5DFCAE23606}
		{230B01B4-0A1D-4D78-AE56-214E4FA2C582} = {D7E954F8-8A1B-4CCC-9AEE-B5DFCAE23606}
		{7DAF2DE6-D8B0-44C1-A607-C3EEE4C56ACB} = {D7E954F8-8A1B-4CCC-9AEE-B5DFCAE23606}
		{62308522-FDF0-4146-882A-C6A6074695B6} = {C97DB1A7-57D2-4130-A86D-7DD3BC0EA32D}
		{E57D1CC9-8145-4DEA-8F6F-B29574EAE382} = {C97DB1A7-57D2-4130-A86D-7DD3BC0EA32D}
		{4F2FA577-E3AF-4EB5-B6B8-D469F299EA15} = {C97DB1A7-57D2-4130-A86D-7DD3BC0EA32D}
		{00BD311E-AAF2-43C1-961D-097725D2B591} = {C97DB1A7-57D2-4130-A86D-7DD3BC0EA32D}
		{7C1D3C79-6478-4B53-917B-8BBC49F4AD19} = {81B980BB-4E42-4D01-B3AF-F4C5E9429ABF}
		{6C890CB2-200F-4146-A65B-E3691FD2B5EA} = {81B980BB-4E42-4D01-B3AF-F4C5E9429ABF}
		{96F62BD4-07EF-435B-9644-F85FA4F5C7C9} = {81B980BB-4E42-4D01-B3AF-F4C5E9429ABF}
		{3CBB72D8-93BE-436B-9BE2-89FB1F8DC547} = {81B980BB-4E42-4D01-B3AF-F4C5E9429ABF}
		{5E40AE58-10C8-4225-8273-F64CA78FC4EF} = {0B3E4ABE-70FE-439C-B5F0-0E79B19AEF2D}
	EndGlobalSection
	GlobalSection(ExtensibilityGlobals) = postSolution
		SolutionGuid = {3E462B81-A34D-4693-859A-E7DD9A175E68}
	EndGlobalSection
EndGlobal
